
Microsoft Visual Studio Solution File, Format Version 12.00
# Visual Studio Version 16
VisualStudioVersion = 16.0.30711.63
MinimumVisualStudioVersion = 15.0.26124.0
Project("{9A19103F-16F7-4668-BE54-9A1E7A4F7556}") = "TcpMsg.Server", "TcpMsg.Server\TcpMsg.Server.csproj", "{EB44544E-7B91-425A-84CA-F9718D46BF93}"
EndProject
Project("{9A19103F-16F7-4668-BE54-9A1E7A4F7556}") = "TcpMsg.Client", "TcpMsg.Client\TcpMsg.Client.csproj", "{B766D742-7373-4FDD-AF1B-4C382FA9AE65}"
EndProject
Global
	GlobalSection(SolutionConfigurationPlatforms) = preSolution
		Debug|Any CPU = Debug|Any CPU
		Debug|x64 = Debug|x64
		Debug|x86 = Debug|x86
		Release|Any CPU = Release|Any CPU
		Release|x64 = Release|x64
		Release|x86 = Release|x86
	EndGlobalSection
	GlobalSection(ProjectConfigurationPlatforms) = postSolution
		{EB44544E-7B91-425A-84CA-F9718D46BF93}.Debug|Any CPU.ActiveCfg = Debug|Any CPU
		{EB44544E-7B91-425A-84CA-F9718D46BF93}.Debug|Any CPU.Build.0 = Debug|Any CPU
		{EB44544E-7B91-425A-84CA-F9718D46BF93}.Debug|x64.ActiveCfg = Debug|Any CPU
		{EB44544E-7B91-425A-84CA-F9718D46BF93}.Debug|x64.Build.0 = Debug|Any CPU
		{EB44544E-7B91-425A-84CA-F9718D46BF93}.Debug|x86.ActiveCfg = Debug|Any CPU
		{EB44544E-7B91-425A-84CA-F9718D46BF93}.Debug|x86.Build.0 = Debug|Any CPU
		{EB44544E-7B91-425A-84CA-F9718D46BF93}.Release|Any CPU.ActiveCfg = Release|Any CPU
		{EB44544E-7B91-425A-84CA-F9718D46BF93}.Release|Any CPU.Build.0 = Release|Any CPU
		{EB44544E-7B91-425A-84CA-F9718D46BF93}.Release|x64.ActiveCfg = Release|Any CPU
		{EB44544E-7B91-425A-84CA-F9718D46BF93}.Release|x64.Build.0 = Release|Any CPU
		{EB44544E-7B91-425A-84CA-F9718D46BF93}.Release|x86.ActiveCfg = Release|Any CPU
		{EB44544E-7B91-425A-84CA-F9718D46BF93}.Release|x86.Build.0 = Release|Any CPU
		{B766D742-7373-4FDD-AF1B-4C382FA9AE65}.Debug|Any CPU.ActiveCfg = Debug|Any CPU
		{B766D742-7373-4FDD-AF1B-4C382FA9AE65}.Debug|Any CPU.Build.0 = Debug|Any CPU
		{B766D742-7373-4FDD-AF1B-4C382FA9AE65}.Debug|x64.ActiveCfg = Debug|Any CPU
		{B766D742-7373-4FDD-AF1B-4C382FA9AE65}.Debug|x64.Build.0 = Debug|Any CPU
		{B766D742-7373-4FDD-AF1B-4C382FA9AE65}.Debug|x86.ActiveCfg = Debug|Any CPU
		{B766D742-7373-4FDD-AF1B-4C382FA9AE65}.Debug|x86.Build.0 = Debug|Any CPU
		{B766D742-7373-4FDD-AF1B-4C382FA9AE65}.Release|Any CPU.ActiveCfg = Release|Any CPU
		{B766D742-7373-4FDD-AF1B-4C382FA9AE65}.Release|Any CPU.Build.0 = Release|Any CPU
		{B766D742-7373-4FDD-AF1B-4C382FA9AE65}.Release|x64.ActiveCfg = Release|Any CPU
		{B766D742-7373-4FDD-AF1B-4C382FA9AE65}.Release|x64.Build.0 = Release|Any CPU
		{B766D742-7373-4FDD-AF1B-4C382FA9AE65}.Release|x86.ActiveCfg = Release|Any CPU
		{B766D742-7373-4FDD-AF1B-4C382FA9AE65}.Release|x86.Build.0 = Release|Any CPU
	EndGlobalSection
	GlobalSection(SolutionProperties) = preSolution
		HideSolutionNode = FALSE
	EndGlobalSection
	GlobalSection(ExtensibilityGlobals) = postSolution
		SolutionGuid = {DE2D042F-4FC3-44B8-851A-2B413C5F0CA0}
	EndGlobalSection
EndGlobal
